
Microsoft Visual Studio Solution File, Format Version 11.00
# Visual C# Express 2010
Project("{FAE04EC0-301F-11D3-BF4B-00C04F79EFBC}") = "BomberMan", "BomberMan\BomberMan\BomberMan.csproj", "{CFF47811-424E-4DDB-97AE-9A44D7AC8656}"
EndProject
Project("{96E2B04D-8817-42C6-938A-82C39BA4D311}") = "BomberManContent", "BomberMan\BomberManContent\BomberManContent.contentproj", "{E284538D-1C53-40FA-9A3B-7E0049CD3053}"
EndProject
Global
	GlobalSection(SolutionConfigurationPlatforms) = preSolution
		Debug|x86 = Debug|x86
		Release|x86 = Release|x86
	EndGlobalSection
	GlobalSection(ProjectConfigurationPlatforms) = postSolution
		{CFF47811-424E-4DDB-97AE-9A44D7AC8656}.Debug|x86.ActiveCfg = Debug|x86
		{CFF47811-424E-4DDB-97AE-9A44D7AC8656}.Debug|x86.Build.0 = Debug|x86
		{CFF47811-424E-4DDB-97AE-9A44D7AC8656}.Release|x86.ActiveCfg = Release|x86
		{CFF47811-424E-4DDB-97AE-9A44D7AC8656}.Release|x86.Build.0 = Release|x86
		{E284538D-1C53-40FA-9A3B-7E0049CD3053}.Debug|x86.ActiveCfg = Debug|x86
		{E284538D-1C53-40FA-9A3B-7E0049CD3053}.Release|x86.ActiveCfg = Release|x86
	EndGlobalSection
	GlobalSection(SolutionProperties) = preSolution
		HideSolutionNode = FALSE
	EndGlobalSection
EndGlobal
